
Microsoft Visual Studio Solution File, Format Version 12.00
# Visual Studio Version 17
VisualStudioVersion = 17.14.36930.0 d17.14
MinimumVisualStudioVersion = 10.0.40219.1
Project("{888888A0-9F3D-457C-B088-3A5042F75D52}") = "TensorFlow_Object_Localization", "TensorFlow_Object_Localization.pyproj", "{DDB0E0AE-C1EE-4E6A-AD6A-348F2DBEE751}"
EndProject
Global
	GlobalSection(SolutionConfigurationPlatforms) = preSolution
		Debug|Any CPU = Debug|Any CPU
		Release|Any CPU = Release|Any CPU
	EndGlobalSection
	GlobalSection(ProjectConfigurationPlatforms) = postSolution
		{DDB0E0AE-C1EE-4E6A-AD6A-348F2DBEE751}.Debug|Any CPU.ActiveCfg = Debug|Any CPU
		{DDB0E0AE-C1EE-4E6A-AD6A-348F2DBEE751}.Release|Any CPU.ActiveCfg = Release|Any CPU
	EndGlobalSection
	GlobalSection(SolutionProperties) = preSolution
		HideSolutionNode = FALSE
	EndGlobalSection
	GlobalSection(ExtensibilityGlobals) = postSolution
		SolutionGuid = {2206EEFB-BDB1-4190-AAAF-C1B52955A674}
	EndGlobalSection
EndGlobal
